
Microsoft Visual Studio Solution File, Format Version 12.00
# Visual Studio Version 16
VisualStudioVersion = 16.0.31727.386
MinimumVisualStudioVersion = 10.0.40219.1
Project("{2150E333-8FDC-42A3-9474-1A3956D46DE8}") = "src", "src", "{72D3592D-E7DA-4750-9014-AFCD856CE6B9}"
EndProject
Project("{2150E333-8FDC-42A3-9474-1A3956D46DE8}") = "ApiGateways", "ApiGateways", "{F77AB34C-B902-49BA-8B3A-DFBAACDAA947}"
EndProject
Project("{2150E333-8FDC-42A3-9474-1A3956D46DE8}") = "WebApiGateway", "WebApiGateway", "{0DD28B89-E0E3-424E-9180-08461233EFC7}"
EndProject
Project("{FAE04EC0-301F-11D3-BF4B-00C04F79EFBC}") = "WebApiGateway", "src\ApiGateways\WebApiGateway\WebApiGateway\WebApiGateway.csproj", "{1A10B1A7-DE75-48EF-8806-44A903CEAE6B}"
EndProject
Project("{2150E333-8FDC-42A3-9474-1A3956D46DE8}") = "BuildingBlocks", "BuildingBlocks", "{6C25B755-31C1-484F-9752-4D625AD6B841}"
EndProject
Project("{2150E333-8FDC-42A3-9474-1A3956D46DE8}") = "EventBus", "EventBus", "{AB01B213-88EE-4BAD-8F3B-94B06140793C}"
EndProject
Project("{FAE04EC0-301F-11D3-BF4B-00C04F79EFBC}") = "EventBus.Base", "src\BuildingBlocks\EventBus\EventBus.Base\EventBus.Base.csproj", "{40CD438C-3A34-4C4F-960B-294A60C1C310}"
EndProject
Project("{FAE04EC0-301F-11D3-BF4B-00C04F79EFBC}") = "EventBus.Factory", "src\BuildingBlocks\EventBus\EventBus.Factory\EventBus.Factory.csproj", "{A7442918-F7E3-4101-BF06-56EED20E0EB9}"
EndProject
Project("{FAE04EC0-301F-11D3-BF4B-00C04F79EFBC}") = "EventBus.RabbitMQ", "src\BuildingBlocks\EventBus\EventBus.RabbitMQ\EventBus.RabbitMQ.csproj", "{CF4D0820-E0BD-442B-B40E-7B09CA7F4452}"
EndProject
Project("{FAE04EC0-301F-11D3-BF4B-00C04F79EFBC}") = "EventBus.AzureServiceBus", "src\BuildingBlocks\EventBus\EventBus.AzureServiceBus\EventBus.AzureServiceBus.csproj", "{DB3A0A10-1CB5-425E-98F2-9DA3106C5731}"
EndProject
Project("{2150E333-8FDC-42A3-9474-1A3956D46DE8}") = "Services", "Services", "{914B72AF-C742-4500-BB49-930F55DE4CDD}"
EndProject
Project("{2150E333-8FDC-42A3-9474-1A3956D46DE8}") = "IdentityService", "IdentityService", "{E3BDDC5D-3E43-43E6-A7B1-8319B14D6CF9}"
EndProject
Project("{FAE04EC0-301F-11D3-BF4B-00C04F79EFBC}") = "IdentityService.Api", "src\BuildingBlocks\Services\IdentityService\IdentityService.Api\IdentityService.Api.csproj", "{9F789D36-F0EE-49AC-8CF5-E5B04A6E18B8}"
EndProject
Project("{2150E333-8FDC-42A3-9474-1A3956D46DE8}") = "NotificationService", "NotificationService", "{B345F8F9-6AF7-493C-BB07-AFA58E183B27}"
EndProject
Project("{FAE04EC0-301F-11D3-BF4B-00C04F79EFBC}") = "NotificationService", "src\BuildingBlocks\Services\NotificationService\NotificationService\NotificationService.csproj", "{8B1F2EF5-2A67-4652-89DE-3B7A851245CF}"
EndProject
Project("{2150E333-8FDC-42A3-9474-1A3956D46DE8}") = "UserService", "UserService", "{8A233227-F88F-4D8E-9569-616EFDEA659D}"
EndProject
Project("{FAE04EC0-301F-11D3-BF4B-00C04F79EFBC}") = "UserService.Application", "src\BuildingBlocks\Services\UserService\UserService.Application\UserService.Application.csproj", "{405028AC-2283-43DE-A621-864D69D88976}"
EndProject
Project("{FAE04EC0-301F-11D3-BF4B-00C04F79EFBC}") = "UserService.Domain", "src\BuildingBlocks\Services\UserService\UserService.Domain\UserService.Domain.csproj", "{77745391-AEF4-449B-B391-BF19710036D0}"
EndProject
Project("{FAE04EC0-301F-11D3-BF4B-00C04F79EFBC}") = "UserService.Infrastructure", "src\BuildingBlocks\Services\UserService\UserService.Infrastructure\UserService.Infrastructure.csproj", "{E2255E16-4BE3-4A51-8C95-54ED77E7485F}"
EndProject
Project("{FAE04EC0-301F-11D3-BF4B-00C04F79EFBC}") = "UserService.Api", "src\BuildingBlocks\Services\UserService\UserService.Api\UserService.Api.csproj", "{35BE6C15-74EC-4DF4-8F0D-59FAF188A273}"
EndProject
Global
	GlobalSection(SolutionConfigurationPlatforms) = preSolution
		Debug|Any CPU = Debug|Any CPU
		Release|Any CPU = Release|Any CPU
	EndGlobalSection
	GlobalSection(ProjectConfigurationPlatforms) = postSolution
		{1A10B1A7-DE75-48EF-8806-44A903CEAE6B}.Debug|Any CPU.ActiveCfg = Debug|Any CPU
		{1A10B1A7-DE75-48EF-8806-44A903CEAE6B}.Debug|Any CPU.Build.0 = Debug|Any CPU
		{1A10B1A7-DE75-48EF-8806-44A903CEAE6B}.Release|Any CPU.ActiveCfg = Release|Any CPU
		{1A10B1A7-DE75-48EF-8806-44A903CEAE6B}.Release|Any CPU.Build.0 = Release|Any CPU
		{40CD438C-3A34-4C4F-960B-294A60C1C310}.Debug|Any CPU.ActiveCfg = Debug|Any CPU
		{40CD438C-3A34-4C4F-960B-294A60C1C310}.Debug|Any CPU.Build.0 = Debug|Any CPU
		{40CD438C-3A34-4C4F-960B-294A60C1C310}.Release|Any CPU.ActiveCfg = Release|Any CPU
		{40CD438C-3A34-4C4F-960B-294A60C1C310}.Release|Any CPU.Build.0 = Release|Any CPU
		{A7442918-F7E3-4101-BF06-56EED20E0EB9}.Debug|Any CPU.ActiveCfg = Debug|Any CPU
		{A7442918-F7E3-4101-BF06-56EED20E0EB9}.Debug|Any CPU.Build.0 = Debug|Any CPU
		{A7442918-F7E3-4101-BF06-56EED20E0EB9}.Release|Any CPU.ActiveCfg = Release|Any CPU
		{A7442918-F7E3-4101-BF06-56EED20E0EB9}.Release|Any CPU.Build.0 = Release|Any CPU
		{CF4D0820-E0BD-442B-B40E-7B09CA7F4452}.Debug|Any CPU.ActiveCfg = Debug|Any CPU
		{CF4D0820-E0BD-442B-B40E-7B09CA7F4452}.Debug|Any CPU.Build.0 = Debug|Any CPU
		{CF4D0820-E0BD-442B-B40E-7B09CA7F4452}.Release|Any CPU.ActiveCfg = Release|Any CPU
		{CF4D0820-E0BD-442B-B40E-7B09CA7F4452}.Release|Any CPU.Build.0 = Release|Any CPU
		{DB3A0A10-1CB5-425E-98F2-9DA3106C5731}.Debug|Any CPU.ActiveCfg = Debug|Any CPU
		{DB3A0A10-1CB5-425E-98F2-9DA3106C5731}.Debug|Any CPU.Build.0 = Debug|Any CPU
		{DB3A0A10-1CB5-425E-98F2-9DA3106C5731}.Release|Any CPU.ActiveCfg = Release|Any CPU
		{DB3A0A10-1CB5-425E-98F2-9DA3106C5731}.Release|Any CPU.Build.0 = Release|Any CPU
		{9F789D36-F0EE-49AC-8CF5-E5B04A6E18B8}.Debug|Any CPU.ActiveCfg = Debug|Any CPU
		{9F789D36-F0EE-49AC-8CF5-E5B04A6E18B8}.Debug|Any CPU.Build.0 = Debug|Any CPU
		{9F789D36-F0EE-49AC-8CF5-E5B04A6E18B8}.Release|Any CPU.ActiveCfg = Release|Any CPU
		{9F789D36-F0EE-49AC-8CF5-E5B04A6E18B8}.Release|Any CPU.Build.0 = Release|Any CPU
		{8B1F2EF5-2A67-4652-89DE-3B7A851245CF}.Debug|Any CPU.ActiveCfg = Debug|Any CPU
		{8B1F2EF5-2A67-4652-89DE-3B7A851245CF}.Debug|Any CPU.Build.0 = Debug|Any CPU
		{8B1F2EF5-2A67-4652-89DE-3B7A851245CF}.Release|Any CPU.ActiveCfg = Release|Any CPU
		{8B1F2EF5-2A67-4652-89DE-3B7A851245CF}.Release|Any CPU.Build.0 = Release|Any CPU
		{405028AC-2283-43DE-A621-864D69D88976}.Debug|Any CPU.ActiveCfg = Debug|Any CPU
		{405028AC-2283-43DE-A621-864D69D88976}.Debug|Any CPU.Build.0 = Debug|Any CPU
		{405028AC-2283-43DE-A621-864D69D88976}.Release|Any CPU.ActiveCfg = Release|Any CPU
		{405028AC-2283-43DE-A621-864D69D88976}.Release|Any CPU.Build.0 = Release|Any CPU
		{77745391-AEF4-449B-B391-BF19710036D0}.Debug|Any CPU.ActiveCfg = Debug|Any CPU
		{77745391-AEF4-449B-B391-BF19710036D0}.Debug|Any CPU.Build.0 = Debug|Any CPU
		{77745391-AEF4-449B-B391-BF19710036D0}.Release|Any CPU.ActiveCfg = Release|Any CPU
		{77745391-AEF4-449B-B391-BF19710036D0}.Release|Any CPU.Build.0 = Release|Any CPU
		{E2255E16-4BE3-4A51-8C95-54ED77E7485F}.Debug|Any CPU.ActiveCfg = Debug|Any CPU
		{E2255E16-4BE3-4A51-8C95-54ED77E7485F}.Debug|Any CPU.Build.0 = Debug|Any CPU
		{E2255E16-4BE3-4A51-8C95-54ED77E7485F}.Release|Any CPU.ActiveCfg = Release|Any CPU
		{E2255E16-4BE3-4A51-8C95-54ED77E7485F}.Release|Any CPU.Build.0 = Release|Any CPU
		{35BE6C15-74EC-4DF4-8F0D-59FAF188A273}.Debug|Any CPU.ActiveCfg = Debug|Any CPU
		{35BE6C15-74EC-4DF4-8F0D-59FAF188A273}.Debug|Any CPU.Build.0 = Debug|Any CPU
		{35BE6C15-74EC-4DF4-8F0D-59FAF188A273}.Release|Any CPU.ActiveCfg = Release|Any CPU
		{35BE6C15-74EC-4DF4-8F0D-59FAF188A273}.Release|Any CPU.Build.0 = Release|Any CPU
	EndGlobalSection
	GlobalSection(SolutionProperties) = preSolution
		HideSolutionNode = FALSE
	EndGlobalSection
	GlobalSection(NestedProjects) = preSolution
		{F77AB34C-B902-49BA-8B3A-DFBAACDAA947} = {72D3592D-E7DA-4750-9014-AFCD856CE6B9}
		{0DD28B89-E0E3-424E-9180-08461233EFC7} = {F77AB34C-B902-49BA-8B3A-DFBAACDAA947}
		{1A10B1A7-DE75-48EF-8806-44A903CEAE6B} = {0DD28B89-E0E3-424E-9180-08461233EFC7}
		{6C25B755-31C1-484F-9752-4D625AD6B841} = {72D3592D-E7DA-4750-9014-AFCD856CE6B9}
		{AB01B213-88EE-4BAD-8F3B-94B06140793C} = {6C25B755-31C1-484F-9752-4D625AD6B841}
		{40CD438C-3A34-4C4F-960B-294A60C1C310} = {AB01B213-88EE-4BAD-8F3B-94B06140793C}
		{A7442918-F7E3-4101-BF06-56EED20E0EB9} = {AB01B213-88EE-4BAD-8F3B-94B06140793C}
		{CF4D0820-E0BD-442B-B40E-7B09CA7F4452} = {AB01B213-88EE-4BAD-8F3B-94B06140793C}
		{DB3A0A10-1CB5-425E-98F2-9DA3106C5731} = {AB01B213-88EE-4BAD-8F3B-94B06140793C}
		{914B72AF-C742-4500-BB49-930F55DE4CDD} = {6C25B755-31C1-484F-9752-4D625AD6B841}
		{E3BDDC5D-3E43-43E6-A7B1-8319B14D6CF9} = {914B72AF-C742-4500-BB49-930F55DE4CDD}
		{9F789D36-F0EE-49AC-8CF5-E5B04A6E18B8} = {E3BDDC5D-3E43-43E6-A7B1-8319B14D6CF9}
		{B345F8F9-6AF7-493C-BB07-AFA58E183B27} = {914B72AF-C742-4500-BB49-930F55DE4CDD}
		{8B1F2EF5-2A67-4652-89DE-3B7A851245CF} = {B345F8F9-6AF7-493C-BB07-AFA58E183B27}
		{8A233227-F88F-4D8E-9569-616EFDEA659D} = {914B72AF-C742-4500-BB49-930F55DE4CDD}
		{405028AC-2283-43DE-A621-864D69D88976} = {8A233227-F88F-4D8E-9569-616EFDEA659D}
		{77745391-AEF4-449B-B391-BF19710036D0} = {8A233227-F88F-4D8E-9569-616EFDEA659D}
		{E2255E16-4BE3-4A51-8C95-54ED77E7485F} = {8A233227-F88F-4D8E-9569-616EFDEA659D}
		{35BE6C15-74EC-4DF4-8F0D-59FAF188A273} = {8A233227-F88F-4D8E-9569-616EFDEA659D}
	EndGlobalSection
	GlobalSection(ExtensibilityGlobals) = postSolution
		SolutionGuid = {00C3BB39-6EDD-467E-BE1C-37821C730C77}
	EndGlobalSection
EndGlobal
